// !$*UTF8*$!
{
	archiveVersion = 1;
	classes = {
	};
	objectVersion = 77;
	objects = {

/* Begin PBXBuildFile section */
		878CBE3B2E2B800700BC49C9 /* WhisperKit in Frameworks */ = {isa = PBXBuildFile; productRef = 878CBE3A2E2B800700BC49C9 /* WhisperKit */; };
/* End PBXBuildFile section */

/* Begin PBXFileReference section */
		878CBE2B2E2B7F3E00BC49C9 /* CleoAI.app */ = {isa = PBXFileReference; explicitFileType = wrapper.application; includeInIndex = 0; path = CleoAI.app; sourceTree = BUILT_PRODUCTS_DIR; };
/* End PBXFileReference section */

/* Begin PBXFileSystemSynchronizedRootGroup section */
		878CBE2D2E2B7F3E00BC49C9 /* CleoAI */ = {
			isa = PBXFileSystemSynchronizedRootGroup;
			path = CleoAI;
			sourceTree = "<group>";
		};
/* End PBXFileSystemSynchronizedRootGroup section */

/* Begin PBXFrameworksBuildPhase section */
		878CBE282E2B7F3E00BC49C9 /* Frameworks */ = {
			isa = PBXFrameworksBuildPhase;
			buildActionMask = 2147483647;
			files = (
				878CBE3B2E2B800700BC49C9 /* WhisperKit in Frameworks */,
			);
			runOnlyForDeploymentPostprocessing = 0;
		};
/* End PBXFrameworksBuildPhase section */

/* Begin PBXGroup section */
		878CBE222E2B7F3E00BC49C9 = {
			isa = PBXGroup;
			children = (
				878CBE2D2E2B7F3E00BC49C9 /* CleoAI */,
				878CBE2C2E2B7F3E00BC49C9 /* Products */,
			);
			sourceTree = "<group>";
		};
		878CBE2C2E2B7F3E00BC49C9 /* Products */ = {
			isa = PBXGroup;
			children = (
				878CBE2B2E2B7F3E00BC49C9 /* CleoAI.app */,
			);
			name = Products;
			sourceTree = "<group>";
		};
/* End PBXGroup section */

/* Begin PBXNativeTarget section */
		878CBE2A2E2B7F3E00BC49C9 /* CleoAI */ = {
			isa = PBXNativeTarget;
			buildConfigurationList = 878CBE362E2B7F3F00BC49C9 /* Build configuration list for PBXNativeTarget "CleoAI" */;
			buildPhases = (
				878CBE272E2B7F3E00BC49C9 /* Sources */,
				878CBE282E2B7F3E00BC49C9 /* Frameworks */,
				878CBE292E2B7F3E00BC49C9 /* Resources */,
			);
			buildRules = (
			);
			dependencies = (
			);
			fileSystemSynchronizedGroups = (
				878CBE2D2E2B7F3E00BC49C9 /* CleoAI */,
			);
			name = CleoAI;
			packageProductDependencies = (
				878CBE3A2E2B800700BC49C9 /* WhisperKit */,
			);
			productName = CleoAI;
			productReference = 878CBE2B2E2B7F3E00BC49C9 /* CleoAI.app */;
			productType = "com.apple.product-type.application";
		};
/* End PBXNativeTarget section */

/* Begin PBXProject section */
		878CBE232E2B7F3E00BC49C9 /* Project object */ = {
			isa = PBXProject;
			attributes = {
				BuildIndependentTargetsInParallel = 1;
				LastSwiftUpdateCheck = 1640;
				LastUpgradeCheck = 1640;
				TargetAttributes = {
					878CBE2A2E2B7F3E00BC49C9 = {
						CreatedOnToolsVersion = 16.4;
					};
				};
			};
			buildConfigurationList = 878CBE262E2B7F3E00BC49C9 /* Build configuration list for PBXProject "CleoAI" */;
			developmentRegion = en;
			hasScannedForEncodings = 0;
			knownRegions = (
				en,
				Base,
			);
			mainGroup = 878CBE222E2B7F3E00BC49C9;
			minimizedProjectReferenceProxies = 1;
			packageReferences = (
				878CBE392E2B800700BC49C9 /* XCRemoteSwiftPackageReference "WhisperKit" */,
			);
			preferredProjectObjectVersion = 77;
			productRefGroup = 878CBE2C2E2B7F3E00BC49C9 /* Products */;
			projectDirPath = "";
			projectRoot = "";
			targets = (
				878CBE2A2E2B7F3E00BC49C9 /* CleoAI */,
			);
		};
/* End PBXProject section */

/* Begin PBXResourcesBuildPhase section */
		878CBE292E2B7F3E00BC49C9 /* Resources */ = {
			isa = PBXResourcesBuildPhase;
			buildActionMask = 2147483647;
			files = (
			);
			runOnlyForDeploymentPostprocessing = 0;
		};
/* End PBXResourcesBuildPhase section */

/* Begin PBXSourcesBuildPhase section */
		878CBE272E2B7F3E00BC49C9 /* Sources */ = {
			isa = PBXSourcesBuildPhase;
			buildActionMask = 2147483647;
			files = (
			);
			runOnlyForDeploymentPostprocessing = 0;
		};
/* End PBXSourcesBuildPhase section */

/* Begin XCBuildConfiguration section */
		878CBE342E2B7F3F00BC49C9 /* Debug */ = {
			isa = XCBuildConfiguration;
			buildSettings = {
				ALWAYS_SEARCH_USER_PATHS = NO;
				ASSETCATALOG_COMPILER_GENERATE_SWIFT_ASSET_SYMBOL_EXTENSIONS = YES;
				CLANG_ANALYZER_NONNULL = YES;
				CLANG_ANALYZER_NUMBER_OBJECT_CONVERSION = YES_AGGRESSIVE;
				CLANG_CXX_LANGUAGE_STANDARD = "gnu++20";
				CLANG_ENABLE_MODULES = YES;
				CLANG_ENABLE_OBJC_ARC = YES;
				CLANG_ENABLE_OBJC_WEAK = YES;
				CLANG_WARN_BLOCK_CAPTURE_AUTORELEASING = YES;
				CLANG_WARN_BOOL_CONVERSION = YES;
				CLANG_WARN_COMMA = YES;
				CLANG_WARN_CONSTANT_CONVERSION = YES;
				CLANG_WARN_DEPRECATED_OBJC_IMPLEMENTATIONS = YES;
				CLANG_WARN_DIRECT_OBJC_ISA_USAGE = YES_ERROR;
				CLANG_WARN_DOCUMENTATION_COMMENTS = YES;
				CLANG_WARN_EMPTY_BODY = YES;
				CLANG_WARN_ENUM_CONVERSION = YES;
				CLANG_WARN_INFINITE_RECURSION = YES;
				CLANG_WARN_INT_CONVERSION = YES;
				CLANG_WARN_NON_LITERAL_NULL_CONVERSION = YES;
				CLANG_WARN_OBJC_IMPLICIT_RETAIN_SELF = YES;
				CLANG_WARN_OBJC_LITERAL_CONVERSION = YES;
				CLANG_WARN_OBJC_ROOT_CLASS = YES_ERROR;
				CLANG_WARN_QUOTED_INCLUDE_IN_FRAMEWORK_HEADER = YES;
				CLANG_WARN_RANGE_LOOP_ANALYSIS = YES;
				CLANG_WARN_STRICT_PROTOTYPES = YES;
				CLANG_WARN_SUSPICIOUS_MOVE = YES;
				CLANG_WARN_UNGUARDED_AVAILABILITY = YES_AGGRESSIVE;
				CLANG_WARN_UNREACHABLE_CODE = YES;
				CLANG_WARN__DUPLICATE_METHOD_MATCH = YES;
				COPY_PHASE_STRIP = NO;
				DEBUG_INFORMATION_FORMAT = dwarf;
				DEVELOPMENT_TEAM = 9YQZSH2X84;
				ENABLE_STRICT_OBJC_MSGSEND = YES;
				ENABLE_TESTABILITY = YES;
				ENABLE_USER_SCRIPT_SANDBOXING = YES;
				GCC_C_LANGUAGE_STANDARD = gnu17;
				GCC_DYNAMIC_NO_PIC = NO;
				GCC_NO_COMMON_BLOCKS = YES;
				GCC_OPTIMIZATION_LEVEL = 0;
				GCC_PREPROCESSOR_DEFINITIONS = (
					"DEBUG=1",
					"$(inherited)",
				);
				GCC_WARN_64_TO_32_BIT_CONVERSION = YES;
				GCC_WARN_ABOUT_RETURN_TYPE = YES_ERROR;
				GCC_WARN_UNDECLARED_SELECTOR = YES;
				GCC_WARN_UNINITIALIZED_AUTOS = YES_AGGRESSIVE;
				GCC_WARN_UNUSED_FUNCTION = YES;
				GCC_WARN_UNUSED_VARIABLE = YES;
				IPHONEOS_DEPLOYMENT_TARGET = 18.5;
				LOCALIZATION_PREFERS_STRING_CATALOGS = YES;
				MTL_ENABLE_DEBUG_INFO = INCLUDE_SOURCE;
				MTL_FAST_MATH = YES;
				ONLY_ACTIVE_ARCH = YES;
				SDKROOT = iphoneos;
				SWIFT_ACTIVE_COMPILATION_CONDITIONS = "DEBUG $(inherited)";
				SWIFT_OPTIMIZATION_LEVEL = "-Onone";
			};
			name = Debug;
		};
		878CBE352E2B7F3F00BC49C9 /* Release */ = {
			isa = XCBuildConfiguration;
			buildSettings = {
				ALWAYS_SEARCH_USER_PATHS = NO;
				ASSETCATALOG_COMPILER_GENERATE_SWIFT_ASSET_SYMBOL_EXTENSIONS = YES;
				CLANG_ANALYZER_NONNULL = YES;
				CLANG_ANALYZER_NUMBER_OBJECT_CONVERSION = YES_AGGRESSIVE;
				CLANG_CXX_LANGUAGE_STANDARD = "gnu++20";
				CLANG_ENABLE_MODULES = YES;
				CLANG_ENABLE_OBJC_ARC = YES;
				CLANG_ENABLE_OBJC_WEAK = YES;
				CLANG_WARN_BLOCK_CAPTURE_AUTORELEASING = YES;
				CLANG_WARN_BOOL_CONVERSION = YES;
				CLANG_WARN_COMMA = YES;
				CLANG_WARN_CONSTANT_CONVERSION = YES;
				CLANG_WARN_DEPRECATED_OBJC_IMPLEMENTATIONS = YES;
				CLANG_WARN_DIRECT_OBJC_ISA_USAGE = YES_ERROR;
				CLANG_WARN_DOCUMENTATION_COMMENTS = YES;
				CLANG_WARN_EMPTY_BODY = YES;
				CLANG_WARN_ENUM_CONVERSION = YES;
				CLANG_WARN_INFINITE_RECURSION = YES;
				CLANG_WARN_INT_CONVERSION = YES;
				CLANG_WARN_NON_LITERAL_NULL_CONVERSION = YES;
				CLANG_WARN_OBJC_IMPLICIT_RETAIN_SELF = YES;
				CLANG_WARN_OBJC_LITERAL_CONVERSION = YES;
				CLANG_WARN_OBJC_ROOT_CLASS = YES_ERROR;
				CLANG_WARN_QUOTED_INCLUDE_IN_FRAMEWORK_HEADER = YES;
				CLANG_WARN_RANGE_LOOP_ANALYSIS = YES;
				CLANG_WARN_STRICT_PROTOTYPES = YES;
				CLANG_WARN_SUSPICIOUS_MOVE = YES;
				CLANG_WARN_UNGUARDED_AVAILABILITY = YES_AGGRESSIVE;
				CLANG_WARN_UNREACHABLE_CODE = YES;
				CLANG_WARN__DUPLICATE_METHOD_MATCH = YES;
				COPY_PHASE_STRIP = NO;
				DEBUG_INFORMATION_FORMAT = "dwarf-with-dsym";
				DEVELOPMENT_TEAM = 9YQZSH2X84;
				ENABLE_NS_ASSERTIONS = NO;
				ENABLE_STRICT_OBJC_MSGSEND = YES;
				ENABLE_USER_SCRIPT_SANDBOXING = YES;
				GCC_C_LANGUAGE_STANDARD = gnu17;
				GCC_NO_COMMON_BLOCKS = YES;
				GCC_WARN_64_TO_32_BIT_CONVERSION = YES;
				GCC_WARN_ABOUT_RETURN_TYPE = YES_ERROR;
				GCC_WARN_UNDECLARED_SELECTOR = YES;
				GCC_WARN_UNINITIALIZED_AUTOS = YES_AGGRESSIVE;
				GCC_WARN_UNUSED_FUNCTION = YES;
				GCC_WARN_UNUSED_VARIABLE = YES;
				IPHONEOS_DEPLOYMENT_TARGET = 18.5;
				LOCALIZATION_PREFERS_STRING_CATALOGS = YES;
				MTL_ENABLE_DEBUG_INFO = NO;
				MTL_FAST_MATH = YES;
				SDKROOT = iphoneos;
				SWIFT_COMPILATION_MODE = wholemodule;
				VALIDATE_PRODUCT = YES;
			};
			name = Release;
		};
		878CBE372E2B7F3F00BC49C9 /* Debug */ = {
			isa = XCBuildConfiguration;
			buildSettings = {
				ASSETCATALOG_COMPILER_APPICON_NAME = AppIcon;
				ASSETCATALOG_COMPILER_GLOBAL_ACCENT_COLOR_NAME = AccentColor;
				CODE_SIGN_STYLE = Automatic;
				CURRENT_PROJECT_VERSION = 1;
				DEVELOPMENT_TEAM = 9YQZSH2X84;
				ENABLE_PREVIEWS = YES;
				GENERATE_INFOPLIST_FILE = YES;
				INFOPLIST_KEY_NSMicrophoneUsageDescription = "음성 인식 및 녹음을 위해 마이크 접근 권한이 필요합니다.";
				INFOPLIST_KEY_UIApplicationSceneManifest_Generation = YES;
				INFOPLIST_KEY_UIApplicationSupportsIndirectInputEvents = YES;
				INFOPLIST_KEY_UILaunchScreen_Generation = YES;
				INFOPLIST_KEY_UISupportedInterfaceOrientations_iPad = "UIInterfaceOrientationPortrait UIInterfaceOrientationPortraitUpsideDown UIInterfaceOrientationLandscapeLeft UIInterfaceOrientationLandscapeRight";
				INFOPLIST_KEY_UISupportedInterfaceOrientations_iPhone = "UIInterfaceOrientationPortrait UIInterfaceOrientationLandscapeLeft UIInterfaceOrientationLandscapeRight";
				LD_RUNPATH_SEARCH_PATHS = (
					"$(inherited)",
					"@executable_path/Frameworks",
				);
				MARKETING_VERSION = 1.0;
				PRODUCT_BUNDLE_IDENTIFIER = com.makepluscode.CleoAI;
				PRODUCT_NAME = CleoAI;
				SWIFT_EMIT_LOC_STRINGS = YES;
				SWIFT_VERSION = 5.0;
				TARGETED_DEVICE_FAMILY = "1,2";
			};
			name = Debug;
		};
		878CBE382E2B7F3F00BC49C9 /* Release */ = {
			isa = XCBuildConfiguration;
			buildSettings = {
				ASSETCATALOG_COMPILER_APPICON_NAME = AppIcon;
				ASSETCATALOG_COMPILER_GLOBAL_ACCENT_COLOR_NAME = AccentColor;
				CODE_SIGN_STYLE = Automatic;
				CURRENT_PROJECT_VERSION = 1;
				DEVELOPMENT_TEAM = 9YQZSH2X84;
				ENABLE_PREVIEWS = YES;
				GENERATE_INFOPLIST_FILE = YES;
				INFOPLIST_KEY_NSMicrophoneUsageDescription = "음성 인식 및 녹음을 위해 마이크 접근 권한이 필요합니다.";
				INFOPLIST_KEY_UIApplicationSceneManifest_Generation = YES;
				INFOPLIST_KEY_UIApplicationSupportsIndirectInputEvents = YES;
				INFOPLIST_KEY_UILaunchScreen_Generation = YES;
				INFOPLIST_KEY_UISupportedInterfaceOrientations_iPad = "UIInterfaceOrientationPortrait UIInterfaceOrientationPortraitUpsideDown UIInterfaceOrientationLandscapeLeft UIInterfaceOrientationLandscapeRight";
				INFOPLIST_KEY_UISupportedInterfaceOrientations_iPhone = "UIInterfaceOrientationPortrait UIInterfaceOrientationLandscapeLeft UIInterfaceOrientationLandscapeRight";
				LD_RUNPATH_SEARCH_PATHS = (
					"$(inherited)",
					"@executable_path/Frameworks",
				);
				MARKETING_VERSION = 1.0;
				PRODUCT_BUNDLE_IDENTIFIER = com.makepluscode.CleoAI;
				PRODUCT_NAME = CleoAI;
				SWIFT_EMIT_LOC_STRINGS = YES;
				SWIFT_VERSION = 5.0;
				TARGETED_DEVICE_FAMILY = "1,2";
			};
			name = Release;
		};
/* End XCBuildConfiguration section */

/* Begin XCConfigurationList section */
		878CBE262E2B7F3E00BC49C9 /* Build configuration list for PBXProject "CleoAI" */ = {
			isa = XCConfigurationList;
			buildConfigurations = (
				878CBE342E2B7F3F00BC49C9 /* Debug */,
				878CBE352E2B7F3F00BC49C9 /* Release */,
			);
			defaultConfigurationIsVisible = 0;
			defaultConfigurationName = Release;
		};
		878CBE362E2B7F3F00BC49C9 /* Build configuration list for PBXNativeTarget "CleoAI" */ = {
			isa = XCConfigurationList;
			buildConfigurations = (
				878CBE372E2B7F3F00BC49C9 /* Debug */,
				878CBE382E2B7F3F00BC49C9 /* Release */,
			);
			defaultConfigurationIsVisible = 0;
			defaultConfigurationName = Release;
		};
/* End XCConfigurationList section */

/* Begin XCRemoteSwiftPackageReference section */
		878CBE392E2B800700BC49C9 /* XCRemoteSwiftPackageReference "WhisperKit" */ = {
			isa = XCRemoteSwiftPackageReference;
			repositoryURL = "https://github.com/argmaxinc/WhisperKit";
			requirement = {
				branch = release/v0.13.0;
				kind = branch;
			};
		};
/* End XCRemoteSwiftPackageReference section */

/* Begin XCSwiftPackageProductDependency section */
		878CBE3A2E2B800700BC49C9 /* WhisperKit */ = {
			isa = XCSwiftPackageProductDependency;
			package = 878CBE392E2B800700BC49C9 /* XCRemoteSwiftPackageReference "WhisperKit" */;
			productName = WhisperKit;
		};
/* End XCSwiftPackageProductDependency section */
	};
	rootObject = 878CBE232E2B7F3E00BC49C9 /* Project object */;
}
